
Microsoft Visual Studio Solution File, Format Version 12.00
# Visual Studio Version 17
VisualStudioVersion = 17.13.35931.197 d17.13
MinimumVisualStudioVersion = 10.0.40219.1
Project("{E24C65DC-7377-472B-9ABA-BC803B73C61A}") = "LibrarySystem", "..\..\..\Downloads\LibrarySystem with database file\LibrarySystem with database file\LibrarySystem\", "{535D1FF0-797A-30A9-2E5C-AF53EDD54246}"
	ProjectSection(WebsiteProperties) = preProject
		TargetFrameworkMoniker = ".NETFramework,Version%3Dv4.8"
		Debug.AspNetCompiler.VirtualPath = "/localhost_57675"
		Debug.AspNetCompiler.PhysicalPath = "..\..\..\Downloads\LibrarySystem with database file\LibrarySystem with database file\LibrarySystem\"
		Debug.AspNetCompiler.TargetPath = "PrecompiledWeb\localhost_57675\"
		Debug.AspNetCompiler.Updateable = "true"
		Debug.AspNetCompiler.ForceOverwrite = "true"
		Debug.AspNetCompiler.FixedNames = "false"
		Debug.AspNetCompiler.Debug = "True"
		Release.AspNetCompiler.VirtualPath = "/localhost_57675"
		Release.AspNetCompiler.PhysicalPath = "..\..\..\Downloads\LibrarySystem with database file\LibrarySystem with database file\LibrarySystem\"
		Release.AspNetCompiler.TargetPath = "PrecompiledWeb\localhost_57675\"
		Release.AspNetCompiler.Updateable = "true"
		Release.AspNetCompiler.ForceOverwrite = "true"
		Release.AspNetCompiler.FixedNames = "false"
		Release.AspNetCompiler.Debug = "False"
		VWDPort = "57675"
	EndProjectSection
EndProject
Global
	GlobalSection(SolutionConfigurationPlatforms) = preSolution
		Debug|Any CPU = Debug|Any CPU
	EndGlobalSection
	GlobalSection(ProjectConfigurationPlatforms) = postSolution
		{535D1FF0-797A-30A9-2E5C-AF53EDD54246}.Debug|Any CPU.ActiveCfg = Debug|Any CPU
		{535D1FF0-797A-30A9-2E5C-AF53EDD54246}.Debug|Any CPU.Build.0 = Debug|Any CPU
	EndGlobalSection
	GlobalSection(SolutionProperties) = preSolution
		HideSolutionNode = FALSE
	EndGlobalSection
	GlobalSection(ExtensibilityGlobals) = postSolution
		SolutionGuid = {D4B27E8A-2764-48D0-A30D-3EB28B98D4D3}
	EndGlobalSection
EndGlobal
